{
  "name": "wwqy-api-nav",
  "lockfileVersion": 3,
  "requires": true,
  "packages": {
    "": {
      "name": "wwqy-api-nav",
      "dependencies": {
        "wwqy-utils": "file:../common/wwqy-utils"
      }
    },
    "../common/wwqy-utils": {
      "version": "1.0.0",
      "license": "ISC"
    },
    "node_modules/wwqy-utils": {
      "resolved": "../common/wwqy-utils",
      "link": true
    }
  }
}
